
Microsoft Visual Studio Solution File, Format Version 12.00
# Visual Studio Version 16
VisualStudioVersion = 16.0.31702.278
MinimumVisualStudioVersion = 10.0.40219.1
Project("{FAE04EC0-301F-11D3-BF4B-00C04F79EFBC}") = "PizzaOrderingManagementSystem", "PizzaOrderingManagementSystem\PizzaOrderingManagementSystem.csproj", "{1DCA3062-3463-42D3-A308-F78E7A6CD81B}"
EndProject
Global
	GlobalSection(SolutionConfigurationPlatforms) = preSolution
		Debug|Any CPU = Debug|Any CPU
		Release|Any CPU = Release|Any CPU
	EndGlobalSection
	GlobalSection(ProjectConfigurationPlatforms) = postSolution
		{1DCA3062-3463-42D3-A308-F78E7A6CD81B}.Debug|Any CPU.ActiveCfg = Debug|Any CPU
		{1DCA3062-3463-42D3-A308-F78E7A6CD81B}.Debug|Any CPU.Build.0 = Debug|Any CPU
		{1DCA3062-3463-42D3-A308-F78E7A6CD81B}.Release|Any CPU.ActiveCfg = Release|Any CPU
		{1DCA3062-3463-42D3-A308-F78E7A6CD81B}.Release|Any CPU.Build.0 = Release|Any CPU
	EndGlobalSection
	GlobalSection(SolutionProperties) = preSolution
		HideSolutionNode = FALSE
	EndGlobalSection
	GlobalSection(ExtensibilityGlobals) = postSolution
		SolutionGuid = {9FC97A18-44D1-43F4-BCD3-1F3F9306A74F}
	EndGlobalSection
EndGlobal
